// !$*UTF8*$!
{
	archiveVersion = 1;
	classes = {
	};
	objectVersion = 50;
	objects = {

/* Begin PBXBuildFile section */
		9EA1E19D23F5E663003C0C42 /* Model.swift in Sources */ = {isa = PBXBuildFile; fileRef = 9EA1E19C23F5E663003C0C42 /* Model.swift */; };
		9EC45D7923F307330060C845 /* AppDelegate.swift in Sources */ = {isa = PBXBuildFile; fileRef = 9EC45D7823F307330060C845 /* AppDelegate.swift */; };
		9EC45D7D23F307360060C845 /* Assets.xcassets in Resources */ = {isa = PBXBuildFile; fileRef = 9EC45D7C23F307360060C845 /* Assets.xcassets */; };
		9EC45D8023F307360060C845 /* Preview Assets.xcassets in Resources */ = {isa = PBXBuildFile; fileRef = 9EC45D7F23F307360060C845 /* Preview Assets.xcassets */; };
		9EC45D8323F307360060C845 /* Main.storyboard in Resources */ = {isa = PBXBuildFile; fileRef = 9EC45D8123F307360060C845 /* Main.storyboard */; };
		9EC45D8C23F307F00060C845 /* StatusItemController.swift in Sources */ = {isa = PBXBuildFile; fileRef = 9EC45D8B23F307F00060C845 /* StatusItemController.swift */; };
		9EC45D8E23F308A10060C845 /* DarkMode.swift in Sources */ = {isa = PBXBuildFile; fileRef = 9EC45D8D23F308A10060C845 /* DarkMode.swift */; };
		9EC45D9123F313590060C845 /* CoreLocation.framework in Frameworks */ = {isa = PBXBuildFile; fileRef = 9EC45D9023F313590060C845 /* CoreLocation.framework */; };
		9EC45D9423F325AD0060C845 /* MapKit.framework in Frameworks */ = {isa = PBXBuildFile; fileRef = 9EC45D9223F324750060C845 /* MapKit.framework */; };
		9EDF9433241FD32100F01A67 /* Keys.plist in Resources */ = {isa = PBXBuildFile; fileRef = 9EDF9432241FD32100F01A67 /* Keys.plist */; };
		9EDF9437241FD63900F01A67 /* Keys_example.plist in Resources */ = {isa = PBXBuildFile; fileRef = 9EDF9436241FD63900F01A67 /* Keys_example.plist */; };
		9EDF9439241FDFF000F01A67 /* Locations.plist in Resources */ = {isa = PBXBuildFile; fileRef = 9EDF9438241FDFF000F01A67 /* Locations.plist */; };
		9EDF943B241FE40400F01A67 /* Locations_example.plist in Resources */ = {isa = PBXBuildFile; fileRef = 9EDF943A241FE40400F01A67 /* Locations_example.plist */; };
/* End PBXBuildFile section */

/* Begin PBXFileReference section */
		9EA1E19C23F5E663003C0C42 /* Model.swift */ = {isa = PBXFileReference; lastKnownFileType = sourcecode.swift; path = Model.swift; sourceTree = "<group>"; };
		9EC45D7523F307330060C845 /* whereintheworld.app */ = {isa = PBXFileReference; explicitFileType = wrapper.application; includeInIndex = 0; path = whereintheworld.app; sourceTree = BUILT_PRODUCTS_DIR; };
		9EC45D7823F307330060C845 /* AppDelegate.swift */ = {isa = PBXFileReference; lastKnownFileType = sourcecode.swift; path = AppDelegate.swift; sourceTree = "<group>"; };
		9EC45D7C23F307360060C845 /* Assets.xcassets */ = {isa = PBXFileReference; lastKnownFileType = folder.assetcatalog; path = Assets.xcassets; sourceTree = "<group>"; };
		9EC45D7F23F307360060C845 /* Preview Assets.xcassets */ = {isa = PBXFileReference; lastKnownFileType = folder.assetcatalog; path = "Preview Assets.xcassets"; sourceTree = "<group>"; };
		9EC45D8223F307360060C845 /* Base */ = {isa = PBXFileReference; lastKnownFileType = file.storyboard; name = Base; path = Base.lproj/Main.storyboard; sourceTree = "<group>"; };
		9EC45D8423F307360060C845 /* Info.plist */ = {isa = PBXFileReference; lastKnownFileType = text.plist.xml; path = Info.plist; sourceTree = "<group>"; };
		9EC45D8523F307360060C845 /* whereintheworld.entitlements */ = {isa = PBXFileReference; lastKnownFileType = text.plist.entitlements; path = whereintheworld.entitlements; sourceTree = "<group>"; };
		9EC45D8B23F307F00060C845 /* StatusItemController.swift */ = {isa = PBXFileReference; lastKnownFileType = sourcecode.swift; path = StatusItemController.swift; sourceTree = "<group>"; };
		9EC45D8D23F308A10060C845 /* DarkMode.swift */ = {isa = PBXFileReference; lastKnownFileType = sourcecode.swift; path = DarkMode.swift; sourceTree = "<group>"; };
		9EC45D9023F313590060C845 /* CoreLocation.framework */ = {isa = PBXFileReference; lastKnownFileType = wrapper.framework; name = CoreLocation.framework; path = System/Library/Frameworks/CoreLocation.framework; sourceTree = SDKROOT; };
		9EC45D9223F324750060C845 /* MapKit.framework */ = {isa = PBXFileReference; lastKnownFileType = wrapper.framework; name = MapKit.framework; path = System/Library/Frameworks/MapKit.framework; sourceTree = SDKROOT; };
		9EDF9432241FD32100F01A67 /* Keys.plist */ = {isa = PBXFileReference; lastKnownFileType = text.plist.xml; path = Keys.plist; sourceTree = "<group>"; };
		9EDF9436241FD63900F01A67 /* Keys_example.plist */ = {isa = PBXFileReference; fileEncoding = 4; lastKnownFileType = text.plist.xml; path = Keys_example.plist; sourceTree = "<group>"; };
		9EDF9438241FDFF000F01A67 /* Locations.plist */ = {isa = PBXFileReference; lastKnownFileType = text.plist.xml; path = Locations.plist; sourceTree = "<group>"; };
		9EDF943A241FE40400F01A67 /* Locations_example.plist */ = {isa = PBXFileReference; fileEncoding = 4; lastKnownFileType = text.plist.xml; path = Locations_example.plist; sourceTree = "<group>"; };
/* End PBXFileReference section */

/* Begin PBXFrameworksBuildPhase section */
		9EC45D7223F307330060C845 /* Frameworks */ = {
			isa = PBXFrameworksBuildPhase;
			buildActionMask = 2147483647;
			files = (
				9EC45D9423F325AD0060C845 /* MapKit.framework in Frameworks */,
				9EC45D9123F313590060C845 /* CoreLocation.framework in Frameworks */,
			);
			runOnlyForDeploymentPostprocessing = 0;
		};
/* End PBXFrameworksBuildPhase section */

/* Begin PBXGroup section */
		9EC45D6C23F307330060C845 = {
			isa = PBXGroup;
			children = (
				9EC45D7723F307330060C845 /* whereintheworld */,
				9EC45D7623F307330060C845 /* Products */,
				9EC45D8F23F313590060C845 /* Frameworks */,
			);
			sourceTree = "<group>";
		};
		9EC45D7623F307330060C845 /* Products */ = {
			isa = PBXGroup;
			children = (
				9EC45D7523F307330060C845 /* whereintheworld.app */,
			);
			name = Products;
			sourceTree = "<group>";
		};
		9EC45D7723F307330060C845 /* whereintheworld */ = {
			isa = PBXGroup;
			children = (
				9EC45D7823F307330060C845 /* AppDelegate.swift */,
				9EDF9438241FDFF000F01A67 /* Locations.plist */,
				9EDF943A241FE40400F01A67 /* Locations_example.plist */,
				9EA1E19C23F5E663003C0C42 /* Model.swift */,
				9EC45D8D23F308A10060C845 /* DarkMode.swift */,
				9EC45D8B23F307F00060C845 /* StatusItemController.swift */,
				9EC45D7C23F307360060C845 /* Assets.xcassets */,
				9EC45D8123F307360060C845 /* Main.storyboard */,
				9EC45D8423F307360060C845 /* Info.plist */,
				9EDF9432241FD32100F01A67 /* Keys.plist */,
				9EDF9436241FD63900F01A67 /* Keys_example.plist */,
				9EC45D8523F307360060C845 /* whereintheworld.entitlements */,
				9EC45D7E23F307360060C845 /* Preview Content */,
			);
			path = whereintheworld;
			sourceTree = "<group>";
		};
		9EC45D7E23F307360060C845 /* Preview Content */ = {
			isa = PBXGroup;
			children = (
				9EC45D7F23F307360060C845 /* Preview Assets.xcassets */,
			);
			path = "Preview Content";
			sourceTree = "<group>";
		};
		9EC45D8F23F313590060C845 /* Frameworks */ = {
			isa = PBXGroup;
			children = (
				9EC45D9223F324750060C845 /* MapKit.framework */,
				9EC45D9023F313590060C845 /* CoreLocation.framework */,
			);
			name = Frameworks;
			sourceTree = "<group>";
		};
/* End PBXGroup section */

/* Begin PBXNativeTarget section */
		9EC45D7423F307330060C845 /* whereintheworld */ = {
			isa = PBXNativeTarget;
			buildConfigurationList = 9EC45D8823F307360060C845 /* Build configuration list for PBXNativeTarget "whereintheworld" */;
			buildPhases = (
				9EC45D7123F307330060C845 /* Sources */,
				9EC45D7223F307330060C845 /* Frameworks */,
				9EC45D7323F307330060C845 /* Resources */,
			);
			buildRules = (
			);
			dependencies = (
			);
			name = whereintheworld;
			productName = whereintheworld;
			productReference = 9EC45D7523F307330060C845 /* whereintheworld.app */;
			productType = "com.apple.product-type.application";
		};
/* End PBXNativeTarget section */

/* Begin PBXProject section */
		9EC45D6D23F307330060C845 /* Project object */ = {
			isa = PBXProject;
			attributes = {
				LastSwiftUpdateCheck = 1130;
				LastUpgradeCheck = 1130;
				ORGANIZATIONNAME = "Sebastian Rosch";
				TargetAttributes = {
					9EC45D7423F307330060C845 = {
						CreatedOnToolsVersion = 11.3.1;
					};
				};
			};
			buildConfigurationList = 9EC45D7023F307330060C845 /* Build configuration list for PBXProject "whereintheworld" */;
			compatibilityVersion = "Xcode 9.3";
			developmentRegion = en;
			hasScannedForEncodings = 0;
			knownRegions = (
				en,
				Base,
			);
			mainGroup = 9EC45D6C23F307330060C845;
			productRefGroup = 9EC45D7623F307330060C845 /* Products */;
			projectDirPath = "";
			projectRoot = "";
			targets = (
				9EC45D7423F307330060C845 /* whereintheworld */,
			);
		};
/* End PBXProject section */

/* Begin PBXResourcesBuildPhase section */
		9EC45D7323F307330060C845 /* Resources */ = {
			isa = PBXResourcesBuildPhase;
			buildActionMask = 2147483647;
			files = (
				9EDF9437241FD63900F01A67 /* Keys_example.plist in Resources */,
				9EDF9433241FD32100F01A67 /* Keys.plist in Resources */,
				9EC45D8323F307360060C845 /* Main.storyboard in Resources */,
				9EDF943B241FE40400F01A67 /* Locations_example.plist in Resources */,
				9EDF9439241FDFF000F01A67 /* Locations.plist in Resources */,
				9EC45D8023F307360060C845 /* Preview Assets.xcassets in Resources */,
				9EC45D7D23F307360060C845 /* Assets.xcassets in Resources */,
			);
			runOnlyForDeploymentPostprocessing = 0;
		};
/* End PBXResourcesBuildPhase section */

/* Begin PBXSourcesBuildPhase section */
		9EC45D7123F307330060C845 /* Sources */ = {
			isa = PBXSourcesBuildPhase;
			buildActionMask = 2147483647;
			files = (
				9EA1E19D23F5E663003C0C42 /* Model.swift in Sources */,
				9EC45D8E23F308A10060C845 /* DarkMode.swift in Sources */,
				9EC45D7923F307330060C845 /* AppDelegate.swift in Sources */,
				9EC45D8C23F307F00060C845 /* StatusItemController.swift in Sources */,
			);
			runOnlyForDeploymentPostprocessing = 0;
		};
/* End PBXSourcesBuildPhase section */

/* Begin PBXVariantGroup section */
		9EC45D8123F307360060C845 /* Main.storyboard */ = {
			isa = PBXVariantGroup;
			children = (
				9EC45D8223F307360060C845 /* Base */,
			);
			name = Main.storyboard;
			sourceTree = "<group>";
		};
/* End PBXVariantGroup section */

/* Begin XCBuildConfiguration section */
		9EC45D8623F307360060C845 /* Debug */ = {
			isa = XCBuildConfiguration;
			buildSettings = {
				ALWAYS_SEARCH_USER_PATHS = NO;
				CLANG_ANALYZER_NONNULL = YES;
				CLANG_ANALYZER_NUMBER_OBJECT_CONVERSION = YES_AGGRESSIVE;
				CLANG_CXX_LANGUAGE_STANDARD = "gnu++14";
				CLANG_CXX_LIBRARY = "libc++";
				CLANG_ENABLE_MODULES = YES;
				CLANG_ENABLE_OBJC_ARC = YES;
				CLANG_ENABLE_OBJC_WEAK = YES;
				CLANG_WARN_BLOCK_CAPTURE_AUTORELEASING = YES;
				CLANG_WARN_BOOL_CONVERSION = YES;
				CLANG_WARN_COMMA = YES;
				CLANG_WARN_CONSTANT_CONVERSION = YES;
				CLANG_WARN_DEPRECATED_OBJC_IMPLEMENTATIONS = YES;
				CLANG_WARN_DIRECT_OBJC_ISA_USAGE = YES_ERROR;
				CLANG_WARN_DOCUMENTATION_COMMENTS = YES;
				CLANG_WARN_EMPTY_BODY = YES;
				CLANG_WARN_ENUM_CONVERSION = YES;
				CLANG_WARN_INFINITE_RECURSION = YES;
				CLANG_WARN_INT_CONVERSION = YES;
				CLANG_WARN_NON_LITERAL_NULL_CONVERSION = YES;
				CLANG_WARN_OBJC_IMPLICIT_RETAIN_SELF = YES;
				CLANG_WARN_OBJC_LITERAL_CONVERSION = YES;
				CLANG_WARN_OBJC_ROOT_CLASS = YES_ERROR;
				CLANG_WARN_RANGE_LOOP_ANALYSIS = YES;
				CLANG_WARN_STRICT_PROTOTYPES = YES;
				CLANG_WARN_SUSPICIOUS_MOVE = YES;
				CLANG_WARN_UNGUARDED_AVAILABILITY = YES_AGGRESSIVE;
				CLANG_WARN_UNREACHABLE_CODE = YES;
				CLANG_WARN__DUPLICATE_METHOD_MATCH = YES;
				COPY_PHASE_STRIP = NO;
				DEBUG_INFORMATION_FORMAT = dwarf;
				ENABLE_STRICT_OBJC_MSGSEND = YES;
				ENABLE_TESTABILITY = YES;
				GCC_C_LANGUAGE_STANDARD = gnu11;
				GCC_DYNAMIC_NO_PIC = NO;
				GCC_NO_COMMON_BLOCKS = YES;
				GCC_OPTIMIZATION_LEVEL = 0;
				GCC_PREPROCESSOR_DEFINITIONS = (
					"DEBUG=1",
					"$(inherited)",
				);
				GCC_WARN_64_TO_32_BIT_CONVERSION = YES;
				GCC_WARN_ABOUT_RETURN_TYPE = YES_ERROR;
				GCC_WARN_UNDECLARED_SELECTOR = YES;
				GCC_WARN_UNINITIALIZED_AUTOS = YES_AGGRESSIVE;
				GCC_WARN_UNUSED_FUNCTION = YES;
				GCC_WARN_UNUSED_VARIABLE = YES;
				MACOSX_DEPLOYMENT_TARGET = 10.15;
				MTL_ENABLE_DEBUG_INFO = INCLUDE_SOURCE;
				MTL_FAST_MATH = YES;
				ONLY_ACTIVE_ARCH = YES;
				SDKROOT = macosx;
				SWIFT_ACTIVE_COMPILATION_CONDITIONS = DEBUG;
				SWIFT_OPTIMIZATION_LEVEL = "-Onone";
			};
			name = Debug;
		};
		9EC45D8723F307360060C845 /* Release */ = {
			isa = XCBuildConfiguration;
			buildSettings = {
				ALWAYS_SEARCH_USER_PATHS = NO;
				CLANG_ANALYZER_NONNULL = YES;
				CLANG_ANALYZER_NUMBER_OBJECT_CONVERSION = YES_AGGRESSIVE;
				CLANG_CXX_LANGUAGE_STANDARD = "gnu++14";
				CLANG_CXX_LIBRARY = "libc++";
				CLANG_ENABLE_MODULES = YES;
				CLANG_ENABLE_OBJC_ARC = YES;
				CLANG_ENABLE_OBJC_WEAK = YES;
				CLANG_WARN_BLOCK_CAPTURE_AUTORELEASING = YES;
				CLANG_WARN_BOOL_CONVERSION = YES;
				CLANG_WARN_COMMA = YES;
				CLANG_WARN_CONSTANT_CONVERSION = YES;
				CLANG_WARN_DEPRECATED_OBJC_IMPLEMENTATIONS = YES;
				CLANG_WARN_DIRECT_OBJC_ISA_USAGE = YES_ERROR;
				CLANG_WARN_DOCUMENTATION_COMMENTS = YES;
				CLANG_WARN_EMPTY_BODY = YES;
				CLANG_WARN_ENUM_CONVERSION = YES;
				CLANG_WARN_INFINITE_RECURSION = YES;
				CLANG_WARN_INT_CONVERSION = YES;
				CLANG_WARN_NON_LITERAL_NULL_CONVERSION = YES;
				CLANG_WARN_OBJC_IMPLICIT_RETAIN_SELF = YES;
				CLANG_WARN_OBJC_LITERAL_CONVERSION = YES;
				CLANG_WARN_OBJC_ROOT_CLASS = YES_ERROR;
				CLANG_WARN_RANGE_LOOP_ANALYSIS = YES;
				CLANG_WARN_STRICT_PROTOTYPES = YES;
				CLANG_WARN_SUSPICIOUS_MOVE = YES;
				CLANG_WARN_UNGUARDED_AVAILABILITY = YES_AGGRESSIVE;
				CLANG_WARN_UNREACHABLE_CODE = YES;
				CLANG_WARN__DUPLICATE_METHOD_MATCH = YES;
				COPY_PHASE_STRIP = NO;
				DEBUG_INFORMATION_FORMAT = "dwarf-with-dsym";
				ENABLE_NS_ASSERTIONS = NO;
				ENABLE_STRICT_OBJC_MSGSEND = YES;
				GCC_C_LANGUAGE_STANDARD = gnu11;
				GCC_NO_COMMON_BLOCKS = YES;
				GCC_WARN_64_TO_32_BIT_CONVERSION = YES;
				GCC_WARN_ABOUT_RETURN_TYPE = YES_ERROR;
				GCC_WARN_UNDECLARED_SELECTOR = YES;
				GCC_WARN_UNINITIALIZED_AUTOS = YES_AGGRESSIVE;
				GCC_WARN_UNUSED_FUNCTION = YES;
				GCC_WARN_UNUSED_VARIABLE = YES;
				MACOSX_DEPLOYMENT_TARGET = 10.15;
				MTL_ENABLE_DEBUG_INFO = NO;
				MTL_FAST_MATH = YES;
				SDKROOT = macosx;
				SWIFT_COMPILATION_MODE = wholemodule;
				SWIFT_OPTIMIZATION_LEVEL = "-O";
			};
			name = Release;
		};
		9EC45D8923F307360060C845 /* Debug */ = {
			isa = XCBuildConfiguration;
			buildSettings = {
				ASSETCATALOG_COMPILER_APPICON_NAME = AppIcon;
				CODE_SIGN_ENTITLEMENTS = whereintheworld/whereintheworld.entitlements;
				CODE_SIGN_IDENTITY = "-";
				CODE_SIGN_STYLE = Automatic;
				COMBINE_HIDPI_IMAGES = YES;
				DEVELOPMENT_ASSET_PATHS = "\"whereintheworld/Preview Content\"";
				DEVELOPMENT_TEAM = 7J8Y3JD52D;
				ENABLE_HARDENED_RUNTIME = YES;
				ENABLE_PREVIEWS = YES;
				INFOPLIST_FILE = whereintheworld/Info.plist;
				LD_RUNPATH_SEARCH_PATHS = (
					"$(inherited)",
					"@executable_path/../Frameworks",
				);
				MACOSX_DEPLOYMENT_TARGET = 10.15;
				PRODUCT_BUNDLE_IDENTIFIER = com.sebastianrosch.whereintheworld;
				PRODUCT_NAME = "$(TARGET_NAME)";
				SWIFT_VERSION = 5.0;
			};
			name = Debug;
		};
		9EC45D8A23F307360060C845 /* Release */ = {
			isa = XCBuildConfiguration;
			buildSettings = {
				ASSETCATALOG_COMPILER_APPICON_NAME = AppIcon;
				CODE_SIGN_ENTITLEMENTS = whereintheworld/whereintheworld.entitlements;
				CODE_SIGN_IDENTITY = "-";
				CODE_SIGN_STYLE = Automatic;
				COMBINE_HIDPI_IMAGES = YES;
				DEVELOPMENT_ASSET_PATHS = "\"whereintheworld/Preview Content\"";
				DEVELOPMENT_TEAM = 7J8Y3JD52D;
				ENABLE_HARDENED_RUNTIME = YES;
				ENABLE_PREVIEWS = YES;
				INFOPLIST_FILE = whereintheworld/Info.plist;
				LD_RUNPATH_SEARCH_PATHS = (
					"$(inherited)",
					"@executable_path/../Frameworks",
				);
				MACOSX_DEPLOYMENT_TARGET = 10.15;
				PRODUCT_BUNDLE_IDENTIFIER = com.sebastianrosch.whereintheworld;
				PRODUCT_NAME = "$(TARGET_NAME)";
				SWIFT_VERSION = 5.0;
			};
			name = Release;
		};
/* End XCBuildConfiguration section */

/* Begin XCConfigurationList section */
		9EC45D7023F307330060C845 /* Build configuration list for PBXProject "whereintheworld" */ = {
			isa = XCConfigurationList;
			buildConfigurations = (
				9EC45D8623F307360060C845 /* Debug */,
				9EC45D8723F307360060C845 /* Release */,
			);
			defaultConfigurationIsVisible = 0;
			defaultConfigurationName = Release;
		};
		9EC45D8823F307360060C845 /* Build configuration list for PBXNativeTarget "whereintheworld" */ = {
			isa = XCConfigurationList;
			buildConfigurations = (
				9EC45D8923F307360060C845 /* Debug */,
				9EC45D8A23F307360060C845 /* Release */,
			);
			defaultConfigurationIsVisible = 0;
			defaultConfigurationName = Release;
		};
/* End XCConfigurationList section */
	};
	rootObject = 9EC45D6D23F307330060C845 /* Project object */;
}
