// !$*UTF8*$!
{
	archiveVersion = 1;
	classes = {
	};
	objectVersion = 56;
	objects = {

/* Begin PBXBuildFile section */
		9E2EC00528DA58B700F5CCD5 /* whereintheworldApp.swift in Sources */ = {isa = PBXBuildFile; fileRef = 9E2EC00428DA58B700F5CCD5 /* whereintheworldApp.swift */; };
		9E2EC00728DA58B700F5CCD5 /* ConfigView.swift in Sources */ = {isa = PBXBuildFile; fileRef = 9E2EC00628DA58B700F5CCD5 /* ConfigView.swift */; };
		9E2EC00928DA58B800F5CCD5 /* Assets.xcassets in Resources */ = {isa = PBXBuildFile; fileRef = 9E2EC00828DA58B800F5CCD5 /* Assets.xcassets */; };
		9E2EC00C28DA58B800F5CCD5 /* Preview Assets.xcassets in Resources */ = {isa = PBXBuildFile; fileRef = 9E2EC00B28DA58B800F5CCD5 /* Preview Assets.xcassets */; };
		9E2ECB3F2922CCA200DF408D /* Slack.swift in Sources */ = {isa = PBXBuildFile; fileRef = 9E2ECB3E2922CCA200DF408D /* Slack.swift */; };
		9E2ECB412922CCBE00DF408D /* GoogleMaps.swift in Sources */ = {isa = PBXBuildFile; fileRef = 9E2ECB402922CCBE00DF408D /* GoogleMaps.swift */; };
		9E2ECB432922CCFD00DF408D /* StatusItemController.swift in Sources */ = {isa = PBXBuildFile; fileRef = 9E2ECB422922CCFD00DF408D /* StatusItemController.swift */; };
		9E2ECB472922CE2600DF408D /* CoreLocation.framework in Frameworks */ = {isa = PBXBuildFile; fileRef = 9E2ECB462922CE2600DF408D /* CoreLocation.framework */; };
		9E2ECB492922CE2C00DF408D /* MapKit.framework in Frameworks */ = {isa = PBXBuildFile; fileRef = 9E2ECB482922CE2C00DF408D /* MapKit.framework */; };
		9E2ECB552923D07400DF408D /* LocationController.swift in Sources */ = {isa = PBXBuildFile; fileRef = 9E2ECB542923D07400DF408D /* LocationController.swift */; };
		9E2ECB572924CCDE00DF408D /* SlackController.swift in Sources */ = {isa = PBXBuildFile; fileRef = 9E2ECB562924CCDE00DF408D /* SlackController.swift */; };
/* End PBXBuildFile section */

/* Begin PBXFileReference section */
		9E2EC00128DA58B700F5CCD5 /* whereintheworld.app */ = {isa = PBXFileReference; explicitFileType = wrapper.application; includeInIndex = 0; path = whereintheworld.app; sourceTree = BUILT_PRODUCTS_DIR; };
		9E2EC00428DA58B700F5CCD5 /* whereintheworldApp.swift */ = {isa = PBXFileReference; lastKnownFileType = sourcecode.swift; path = whereintheworldApp.swift; sourceTree = "<group>"; };
		9E2EC00628DA58B700F5CCD5 /* ConfigView.swift */ = {isa = PBXFileReference; lastKnownFileType = sourcecode.swift; path = ConfigView.swift; sourceTree = "<group>"; };
		9E2EC00828DA58B800F5CCD5 /* Assets.xcassets */ = {isa = PBXFileReference; lastKnownFileType = folder.assetcatalog; path = Assets.xcassets; sourceTree = "<group>"; };
		9E2EC00B28DA58B800F5CCD5 /* Preview Assets.xcassets */ = {isa = PBXFileReference; lastKnownFileType = folder.assetcatalog; path = "Preview Assets.xcassets"; sourceTree = "<group>"; };
		9E2EC00D28DA58B800F5CCD5 /* whereintheworld.entitlements */ = {isa = PBXFileReference; lastKnownFileType = text.plist.entitlements; path = whereintheworld.entitlements; sourceTree = "<group>"; };
		9E2ECB3E2922CCA200DF408D /* Slack.swift */ = {isa = PBXFileReference; lastKnownFileType = sourcecode.swift; path = Slack.swift; sourceTree = "<group>"; };
		9E2ECB402922CCBE00DF408D /* GoogleMaps.swift */ = {isa = PBXFileReference; lastKnownFileType = sourcecode.swift; path = GoogleMaps.swift; sourceTree = "<group>"; };
		9E2ECB422922CCFD00DF408D /* StatusItemController.swift */ = {isa = PBXFileReference; lastKnownFileType = sourcecode.swift; path = StatusItemController.swift; sourceTree = "<group>"; };
		9E2ECB442922CE1E00DF408D /* Info.plist */ = {isa = PBXFileReference; lastKnownFileType = text.plist; path = Info.plist; sourceTree = "<group>"; };
		9E2ECB462922CE2600DF408D /* CoreLocation.framework */ = {isa = PBXFileReference; lastKnownFileType = wrapper.framework; name = CoreLocation.framework; path = System/Library/Frameworks/CoreLocation.framework; sourceTree = SDKROOT; };
		9E2ECB482922CE2C00DF408D /* MapKit.framework */ = {isa = PBXFileReference; lastKnownFileType = wrapper.framework; name = MapKit.framework; path = System/Library/Frameworks/MapKit.framework; sourceTree = SDKROOT; };
		9E2ECB542923D07400DF408D /* LocationController.swift */ = {isa = PBXFileReference; lastKnownFileType = sourcecode.swift; path = LocationController.swift; sourceTree = "<group>"; };
		9E2ECB562924CCDE00DF408D /* SlackController.swift */ = {isa = PBXFileReference; lastKnownFileType = sourcecode.swift; path = SlackController.swift; sourceTree = "<group>"; };
/* End PBXFileReference section */

/* Begin PBXFrameworksBuildPhase section */
		9E2EBFFE28DA58B600F5CCD5 /* Frameworks */ = {
			isa = PBXFrameworksBuildPhase;
			buildActionMask = 2147483647;
			files = (
				9E2ECB492922CE2C00DF408D /* MapKit.framework in Frameworks */,
				9E2ECB472922CE2600DF408D /* CoreLocation.framework in Frameworks */,
			);
			runOnlyForDeploymentPostprocessing = 0;
		};
/* End PBXFrameworksBuildPhase section */

/* Begin PBXGroup section */
		9E2EBFF828DA58B600F5CCD5 = {
			isa = PBXGroup;
			children = (
				9E2EC00328DA58B700F5CCD5 /* whereintheworld */,
				9E2EC00228DA58B700F5CCD5 /* Products */,
				9E2ECB452922CE2600DF408D /* Frameworks */,
			);
			sourceTree = "<group>";
		};
		9E2EC00228DA58B700F5CCD5 /* Products */ = {
			isa = PBXGroup;
			children = (
				9E2EC00128DA58B700F5CCD5 /* whereintheworld.app */,
			);
			name = Products;
			sourceTree = "<group>";
		};
		9E2EC00328DA58B700F5CCD5 /* whereintheworld */ = {
			isa = PBXGroup;
			children = (
				9E2ECB442922CE1E00DF408D /* Info.plist */,
				9E2ECB3D2922CC9400DF408D /* Models */,
				9E2EC00428DA58B700F5CCD5 /* whereintheworldApp.swift */,
				9E2ECB542923D07400DF408D /* LocationController.swift */,
				9E2ECB562924CCDE00DF408D /* SlackController.swift */,
				9E2EC00628DA58B700F5CCD5 /* ConfigView.swift */,
				9E2ECB422922CCFD00DF408D /* StatusItemController.swift */,
				9E2EC00828DA58B800F5CCD5 /* Assets.xcassets */,
				9E2EC00D28DA58B800F5CCD5 /* whereintheworld.entitlements */,
				9E2EC00A28DA58B800F5CCD5 /* Preview Content */,
			);
			path = whereintheworld;
			sourceTree = "<group>";
		};
		9E2EC00A28DA58B800F5CCD5 /* Preview Content */ = {
			isa = PBXGroup;
			children = (
				9E2EC00B28DA58B800F5CCD5 /* Preview Assets.xcassets */,
			);
			path = "Preview Content";
			sourceTree = "<group>";
		};
		9E2ECB3D2922CC9400DF408D /* Models */ = {
			isa = PBXGroup;
			children = (
				9E2ECB3E2922CCA200DF408D /* Slack.swift */,
				9E2ECB402922CCBE00DF408D /* GoogleMaps.swift */,
			);
			path = Models;
			sourceTree = "<group>";
		};
		9E2ECB452922CE2600DF408D /* Frameworks */ = {
			isa = PBXGroup;
			children = (
				9E2ECB482922CE2C00DF408D /* MapKit.framework */,
				9E2ECB462922CE2600DF408D /* CoreLocation.framework */,
			);
			name = Frameworks;
			sourceTree = "<group>";
		};
/* End PBXGroup section */

/* Begin PBXNativeTarget section */
		9E2EC00028DA58B600F5CCD5 /* whereintheworld */ = {
			isa = PBXNativeTarget;
			buildConfigurationList = 9E2EC01028DA58B800F5CCD5 /* Build configuration list for PBXNativeTarget "whereintheworld" */;
			buildPhases = (
				9E2EBFFD28DA58B600F5CCD5 /* Sources */,
				9E2EBFFE28DA58B600F5CCD5 /* Frameworks */,
				9E2EBFFF28DA58B600F5CCD5 /* Resources */,
			);
			buildRules = (
			);
			dependencies = (
			);
			name = whereintheworld;
			productName = whereintheworld;
			productReference = 9E2EC00128DA58B700F5CCD5 /* whereintheworld.app */;
			productType = "com.apple.product-type.application";
		};
/* End PBXNativeTarget section */

/* Begin PBXProject section */
		9E2EBFF928DA58B600F5CCD5 /* Project object */ = {
			isa = PBXProject;
			attributes = {
				BuildIndependentTargetsInParallel = 1;
				LastSwiftUpdateCheck = 1400;
				LastUpgradeCheck = 1400;
				TargetAttributes = {
					9E2EC00028DA58B600F5CCD5 = {
						CreatedOnToolsVersion = 14.0;
					};
				};
			};
			buildConfigurationList = 9E2EBFFC28DA58B600F5CCD5 /* Build configuration list for PBXProject "whereintheworld" */;
			compatibilityVersion = "Xcode 14.0";
			developmentRegion = en;
			hasScannedForEncodings = 0;
			knownRegions = (
				en,
				Base,
			);
			mainGroup = 9E2EBFF828DA58B600F5CCD5;
			productRefGroup = 9E2EC00228DA58B700F5CCD5 /* Products */;
			projectDirPath = "";
			projectRoot = "";
			targets = (
				9E2EC00028DA58B600F5CCD5 /* whereintheworld */,
			);
		};
/* End PBXProject section */

/* Begin PBXResourcesBuildPhase section */
		9E2EBFFF28DA58B600F5CCD5 /* Resources */ = {
			isa = PBXResourcesBuildPhase;
			buildActionMask = 2147483647;
			files = (
				9E2EC00C28DA58B800F5CCD5 /* Preview Assets.xcassets in Resources */,
				9E2EC00928DA58B800F5CCD5 /* Assets.xcassets in Resources */,
			);
			runOnlyForDeploymentPostprocessing = 0;
		};
/* End PBXResourcesBuildPhase section */

/* Begin PBXSourcesBuildPhase section */
		9E2EBFFD28DA58B600F5CCD5 /* Sources */ = {
			isa = PBXSourcesBuildPhase;
			buildActionMask = 2147483647;
			files = (
				9E2EC00728DA58B700F5CCD5 /* ConfigView.swift in Sources */,
				9E2ECB412922CCBE00DF408D /* GoogleMaps.swift in Sources */,
				9E2ECB432922CCFD00DF408D /* StatusItemController.swift in Sources */,
				9E2ECB572924CCDE00DF408D /* SlackController.swift in Sources */,
				9E2ECB3F2922CCA200DF408D /* Slack.swift in Sources */,
				9E2ECB552923D07400DF408D /* LocationController.swift in Sources */,
				9E2EC00528DA58B700F5CCD5 /* whereintheworldApp.swift in Sources */,
			);
			runOnlyForDeploymentPostprocessing = 0;
		};
/* End PBXSourcesBuildPhase section */

/* Begin XCBuildConfiguration section */
		9E2EC00E28DA58B800F5CCD5 /* Debug */ = {
			isa = XCBuildConfiguration;
			buildSettings = {
				ALWAYS_SEARCH_USER_PATHS = NO;
				CLANG_ANALYZER_NONNULL = YES;
				CLANG_ANALYZER_NUMBER_OBJECT_CONVERSION = YES_AGGRESSIVE;
				CLANG_CXX_LANGUAGE_STANDARD = "gnu++20";
				CLANG_ENABLE_MODULES = YES;
				CLANG_ENABLE_OBJC_ARC = YES;
				CLANG_ENABLE_OBJC_WEAK = YES;
				CLANG_WARN_BLOCK_CAPTURE_AUTORELEASING = YES;
				CLANG_WARN_BOOL_CONVERSION = YES;
				CLANG_WARN_COMMA = YES;
				CLANG_WARN_CONSTANT_CONVERSION = YES;
				CLANG_WARN_DEPRECATED_OBJC_IMPLEMENTATIONS = YES;
				CLANG_WARN_DIRECT_OBJC_ISA_USAGE = YES_ERROR;
				CLANG_WARN_DOCUMENTATION_COMMENTS = YES;
				CLANG_WARN_EMPTY_BODY = YES;
				CLANG_WARN_ENUM_CONVERSION = YES;
				CLANG_WARN_INFINITE_RECURSION = YES;
				CLANG_WARN_INT_CONVERSION = YES;
				CLANG_WARN_NON_LITERAL_NULL_CONVERSION = YES;
				CLANG_WARN_OBJC_IMPLICIT_RETAIN_SELF = YES;
				CLANG_WARN_OBJC_LITERAL_CONVERSION = YES;
				CLANG_WARN_OBJC_ROOT_CLASS = YES_ERROR;
				CLANG_WARN_QUOTED_INCLUDE_IN_FRAMEWORK_HEADER = YES;
				CLANG_WARN_RANGE_LOOP_ANALYSIS = YES;
				CLANG_WARN_STRICT_PROTOTYPES = YES;
				CLANG_WARN_SUSPICIOUS_MOVE = YES;
				CLANG_WARN_UNGUARDED_AVAILABILITY = YES_AGGRESSIVE;
				CLANG_WARN_UNREACHABLE_CODE = YES;
				CLANG_WARN__DUPLICATE_METHOD_MATCH = YES;
				COPY_PHASE_STRIP = NO;
				DEBUG_INFORMATION_FORMAT = dwarf;
				ENABLE_STRICT_OBJC_MSGSEND = YES;
				ENABLE_TESTABILITY = YES;
				GCC_C_LANGUAGE_STANDARD = gnu11;
				GCC_DYNAMIC_NO_PIC = NO;
				GCC_NO_COMMON_BLOCKS = YES;
				GCC_OPTIMIZATION_LEVEL = 0;
				GCC_PREPROCESSOR_DEFINITIONS = (
					"DEBUG=1",
					"$(inherited)",
				);
				GCC_WARN_64_TO_32_BIT_CONVERSION = YES;
				GCC_WARN_ABOUT_RETURN_TYPE = YES_ERROR;
				GCC_WARN_UNDECLARED_SELECTOR = YES;
				GCC_WARN_UNINITIALIZED_AUTOS = YES_AGGRESSIVE;
				GCC_WARN_UNUSED_FUNCTION = YES;
				GCC_WARN_UNUSED_VARIABLE = YES;
				MACOSX_DEPLOYMENT_TARGET = 13.0;
				MTL_ENABLE_DEBUG_INFO = INCLUDE_SOURCE;
				MTL_FAST_MATH = YES;
				ONLY_ACTIVE_ARCH = YES;
				SDKROOT = macosx;
				SWIFT_ACTIVE_COMPILATION_CONDITIONS = DEBUG;
				SWIFT_OPTIMIZATION_LEVEL = "-Onone";
			};
			name = Debug;
		};
		9E2EC00F28DA58B800F5CCD5 /* Release */ = {
			isa = XCBuildConfiguration;
			buildSettings = {
				ALWAYS_SEARCH_USER_PATHS = NO;
				CLANG_ANALYZER_NONNULL = YES;
				CLANG_ANALYZER_NUMBER_OBJECT_CONVERSION = YES_AGGRESSIVE;
				CLANG_CXX_LANGUAGE_STANDARD = "gnu++20";
				CLANG_ENABLE_MODULES = YES;
				CLANG_ENABLE_OBJC_ARC = YES;
				CLANG_ENABLE_OBJC_WEAK = YES;
				CLANG_WARN_BLOCK_CAPTURE_AUTORELEASING = YES;
				CLANG_WARN_BOOL_CONVERSION = YES;
				CLANG_WARN_COMMA = YES;
				CLANG_WARN_CONSTANT_CONVERSION = YES;
				CLANG_WARN_DEPRECATED_OBJC_IMPLEMENTATIONS = YES;
				CLANG_WARN_DIRECT_OBJC_ISA_USAGE = YES_ERROR;
				CLANG_WARN_DOCUMENTATION_COMMENTS = YES;
				CLANG_WARN_EMPTY_BODY = YES;
				CLANG_WARN_ENUM_CONVERSION = YES;
				CLANG_WARN_INFINITE_RECURSION = YES;
				CLANG_WARN_INT_CONVERSION = YES;
				CLANG_WARN_NON_LITERAL_NULL_CONVERSION = YES;
				CLANG_WARN_OBJC_IMPLICIT_RETAIN_SELF = YES;
				CLANG_WARN_OBJC_LITERAL_CONVERSION = YES;
				CLANG_WARN_OBJC_ROOT_CLASS = YES_ERROR;
				CLANG_WARN_QUOTED_INCLUDE_IN_FRAMEWORK_HEADER = YES;
				CLANG_WARN_RANGE_LOOP_ANALYSIS = YES;
				CLANG_WARN_STRICT_PROTOTYPES = YES;
				CLANG_WARN_SUSPICIOUS_MOVE = YES;
				CLANG_WARN_UNGUARDED_AVAILABILITY = YES_AGGRESSIVE;
				CLANG_WARN_UNREACHABLE_CODE = YES;
				CLANG_WARN__DUPLICATE_METHOD_MATCH = YES;
				COPY_PHASE_STRIP = NO;
				DEBUG_INFORMATION_FORMAT = "dwarf-with-dsym";
				ENABLE_NS_ASSERTIONS = NO;
				ENABLE_STRICT_OBJC_MSGSEND = YES;
				GCC_C_LANGUAGE_STANDARD = gnu11;
				GCC_NO_COMMON_BLOCKS = YES;
				GCC_WARN_64_TO_32_BIT_CONVERSION = YES;
				GCC_WARN_ABOUT_RETURN_TYPE = YES_ERROR;
				GCC_WARN_UNDECLARED_SELECTOR = YES;
				GCC_WARN_UNINITIALIZED_AUTOS = YES_AGGRESSIVE;
				GCC_WARN_UNUSED_FUNCTION = YES;
				GCC_WARN_UNUSED_VARIABLE = YES;
				MACOSX_DEPLOYMENT_TARGET = 13.0;
				MTL_ENABLE_DEBUG_INFO = NO;
				MTL_FAST_MATH = YES;
				SDKROOT = macosx;
				SWIFT_COMPILATION_MODE = wholemodule;
				SWIFT_OPTIMIZATION_LEVEL = "-O";
			};
			name = Release;
		};
		9E2EC01128DA58B800F5CCD5 /* Debug */ = {
			isa = XCBuildConfiguration;
			buildSettings = {
				ASSETCATALOG_COMPILER_APPICON_NAME = AppIcon;
				ASSETCATALOG_COMPILER_GLOBAL_ACCENT_COLOR_NAME = AccentColor;
				CODE_SIGN_ENTITLEMENTS = whereintheworld/whereintheworld.entitlements;
				CODE_SIGN_STYLE = Automatic;
				COMBINE_HIDPI_IMAGES = YES;
				CURRENT_PROJECT_VERSION = 1;
				DEVELOPMENT_ASSET_PATHS = "\"whereintheworld/Preview Content\"";
				ENABLE_HARDENED_RUNTIME = YES;
				ENABLE_PREVIEWS = YES;
				GENERATE_INFOPLIST_FILE = YES;
				INFOPLIST_FILE = whereintheworld/Info.plist;
				INFOPLIST_KEY_NSHumanReadableCopyright = "";
				LD_RUNPATH_SEARCH_PATHS = (
					"$(inherited)",
					"@executable_path/../Frameworks",
				);
				MARKETING_VERSION = 1.0;
				PRODUCT_BUNDLE_IDENTIFIER = com.sebastianrosch.whereintheworld;
				PRODUCT_NAME = "$(TARGET_NAME)";
				SWIFT_EMIT_LOC_STRINGS = YES;
				SWIFT_VERSION = 5.0;
			};
			name = Debug;
		};
		9E2EC01228DA58B800F5CCD5 /* Release */ = {
			isa = XCBuildConfiguration;
			buildSettings = {
				ASSETCATALOG_COMPILER_APPICON_NAME = AppIcon;
				ASSETCATALOG_COMPILER_GLOBAL_ACCENT_COLOR_NAME = AccentColor;
				CODE_SIGN_ENTITLEMENTS = whereintheworld/whereintheworld.entitlements;
				CODE_SIGN_STYLE = Automatic;
				COMBINE_HIDPI_IMAGES = YES;
				CURRENT_PROJECT_VERSION = 1;
				DEVELOPMENT_ASSET_PATHS = "\"whereintheworld/Preview Content\"";
				ENABLE_HARDENED_RUNTIME = YES;
				ENABLE_PREVIEWS = YES;
				GENERATE_INFOPLIST_FILE = YES;
				INFOPLIST_FILE = whereintheworld/Info.plist;
				INFOPLIST_KEY_NSHumanReadableCopyright = "";
				LD_RUNPATH_SEARCH_PATHS = (
					"$(inherited)",
					"@executable_path/../Frameworks",
				);
				MARKETING_VERSION = 1.0;
				PRODUCT_BUNDLE_IDENTIFIER = com.sebastianrosch.whereintheworld;
				PRODUCT_NAME = "$(TARGET_NAME)";
				SWIFT_EMIT_LOC_STRINGS = YES;
				SWIFT_VERSION = 5.0;
			};
			name = Release;
		};
/* End XCBuildConfiguration section */

/* Begin XCConfigurationList section */
		9E2EBFFC28DA58B600F5CCD5 /* Build configuration list for PBXProject "whereintheworld" */ = {
			isa = XCConfigurationList;
			buildConfigurations = (
				9E2EC00E28DA58B800F5CCD5 /* Debug */,
				9E2EC00F28DA58B800F5CCD5 /* Release */,
			);
			defaultConfigurationIsVisible = 0;
			defaultConfigurationName = Release;
		};
		9E2EC01028DA58B800F5CCD5 /* Build configuration list for PBXNativeTarget "whereintheworld" */ = {
			isa = XCConfigurationList;
			buildConfigurations = (
				9E2EC01128DA58B800F5CCD5 /* Debug */,
				9E2EC01228DA58B800F5CCD5 /* Release */,
			);
			defaultConfigurationIsVisible = 0;
			defaultConfigurationName = Release;
		};
/* End XCConfigurationList section */
	};
	rootObject = 9E2EBFF928DA58B600F5CCD5 /* Project object */;
}
